# This file is generated by running "yarn install" inside your project.
# Manual changes might be lost - proceed with caution!

__metadata:
  version: 5

"@violetprotocol/ethereum-access-token-helpers@workspace:.":
  version: 0.0.0-use.local
  resolution: "@violetprotocol/ethereum-access-token-helpers@workspace:."
  languageName: unknown
  linkType: soft
